
Microsoft Visual Studio Solution File, Format Version 12.00
# Visual Studio Version 17
VisualStudioVersion = 17.13.36105.23
MinimumVisualStudioVersion = 10.0.40219.1
Project("{FAE04EC0-301F-11D3-BF4B-00C04F79EFBC}") = "RentAll.Api", "RentAll.Api\RentAll.Api.csproj", "{45E8E1B7-B087-4A2C-9B85-A11C090D70BD}"
EndProject
Project("{FAE04EC0-301F-11D3-BF4B-00C04F79EFBC}") = "RentAll.Domain", "RentAll.Domain\RentAll.Domain.csproj", "{568DF429-2215-451F-9D5F-3BFD4A091FDA}"
EndProject
Project("{FAE04EC0-301F-11D3-BF4B-00C04F79EFBC}") = "RentAll.Infrastructure", "RentAll.Infrastructure\RentAll.Infrastructure.csproj", "{1B7C7C84-7FD0-4896-9B78-1ADCA3D799F3}"
EndProject
Project("{FAE04EC0-301F-11D3-BF4B-00C04F79EFBC}") = "RentAll.Test", "RentAll.Test\RentAll.Test.csproj", "{296A44FD-DD77-41DF-B651-9BC87A742399}"
EndProject
Global
	GlobalSection(SolutionConfigurationPlatforms) = preSolution
		Debug|Any CPU = Debug|Any CPU
		Debug|x64 = Debug|x64
		Debug|x86 = Debug|x86
		Release|Any CPU = Release|Any CPU
		Release|x64 = Release|x64
		Release|x86 = Release|x86
	EndGlobalSection
	GlobalSection(ProjectConfigurationPlatforms) = postSolution
		{45E8E1B7-B087-4A2C-9B85-A11C090D70BD}.Debug|Any CPU.ActiveCfg = Debug|Any CPU
		{45E8E1B7-B087-4A2C-9B85-A11C090D70BD}.Debug|Any CPU.Build.0 = Debug|Any CPU
		{45E8E1B7-B087-4A2C-9B85-A11C090D70BD}.Debug|x64.ActiveCfg = Debug|Any CPU
		{45E8E1B7-B087-4A2C-9B85-A11C090D70BD}.Debug|x64.Build.0 = Debug|Any CPU
		{45E8E1B7-B087-4A2C-9B85-A11C090D70BD}.Debug|x86.ActiveCfg = Debug|Any CPU
		{45E8E1B7-B087-4A2C-9B85-A11C090D70BD}.Debug|x86.Build.0 = Debug|Any CPU
		{45E8E1B7-B087-4A2C-9B85-A11C090D70BD}.Release|Any CPU.ActiveCfg = Release|Any CPU
		{45E8E1B7-B087-4A2C-9B85-A11C090D70BD}.Release|Any CPU.Build.0 = Release|Any CPU
		{45E8E1B7-B087-4A2C-9B85-A11C090D70BD}.Release|x64.ActiveCfg = Release|Any CPU
		{45E8E1B7-B087-4A2C-9B85-A11C090D70BD}.Release|x64.Build.0 = Release|Any CPU
		{45E8E1B7-B087-4A2C-9B85-A11C090D70BD}.Release|x86.ActiveCfg = Release|Any CPU
		{45E8E1B7-B087-4A2C-9B85-A11C090D70BD}.Release|x86.Build.0 = Release|Any CPU
		{568DF429-2215-451F-9D5F-3BFD4A091FDA}.Debug|Any CPU.ActiveCfg = Debug|Any CPU
		{568DF429-2215-451F-9D5F-3BFD4A091FDA}.Debug|Any CPU.Build.0 = Debug|Any CPU
		{568DF429-2215-451F-9D5F-3BFD4A091FDA}.Debug|x64.ActiveCfg = Debug|Any CPU
		{568DF429-2215-451F-9D5F-3BFD4A091FDA}.Debug|x64.Build.0 = Debug|Any CPU
		{568DF429-2215-451F-9D5F-3BFD4A091FDA}.Debug|x86.ActiveCfg = Debug|Any CPU
		{568DF429-2215-451F-9D5F-3BFD4A091FDA}.Debug|x86.Build.0 = Debug|Any CPU
		{568DF429-2215-451F-9D5F-3BFD4A091FDA}.Release|Any CPU.ActiveCfg = Release|Any CPU
		{568DF429-2215-451F-9D5F-3BFD4A091FDA}.Release|Any CPU.Build.0 = Release|Any CPU
		{568DF429-2215-451F-9D5F-3BFD4A091FDA}.Release|x64.ActiveCfg = Release|Any CPU
		{568DF429-2215-451F-9D5F-3BFD4A091FDA}.Release|x64.Build.0 = Release|Any CPU
		{568DF429-2215-451F-9D5F-3BFD4A091FDA}.Release|x86.ActiveCfg = Release|Any CPU
		{568DF429-2215-451F-9D5F-3BFD4A091FDA}.Release|x86.Build.0 = Release|Any CPU
		{1B7C7C84-7FD0-4896-9B78-1ADCA3D799F3}.Debug|Any CPU.ActiveCfg = Debug|Any CPU
		{1B7C7C84-7FD0-4896-9B78-1ADCA3D799F3}.Debug|Any CPU.Build.0 = Debug|Any CPU
		{1B7C7C84-7FD0-4896-9B78-1ADCA3D799F3}.Debug|x64.ActiveCfg = Debug|Any CPU
		{1B7C7C84-7FD0-4896-9B78-1ADCA3D799F3}.Debug|x64.Build.0 = Debug|Any CPU
		{1B7C7C84-7FD0-4896-9B78-1ADCA3D799F3}.Debug|x86.ActiveCfg = Debug|Any CPU
		{1B7C7C84-7FD0-4896-9B78-1ADCA3D799F3}.Debug|x86.Build.0 = Debug|Any CPU
		{1B7C7C84-7FD0-4896-9B78-1ADCA3D799F3}.Release|Any CPU.ActiveCfg = Release|Any CPU
		{1B7C7C84-7FD0-4896-9B78-1ADCA3D799F3}.Release|Any CPU.Build.0 = Release|Any CPU
		{1B7C7C84-7FD0-4896-9B78-1ADCA3D799F3}.Release|x64.ActiveCfg = Release|Any CPU
		{1B7C7C84-7FD0-4896-9B78-1ADCA3D799F3}.Release|x64.Build.0 = Release|Any CPU
		{1B7C7C84-7FD0-4896-9B78-1ADCA3D799F3}.Release|x86.ActiveCfg = Release|Any CPU
		{1B7C7C84-7FD0-4896-9B78-1ADCA3D799F3}.Release|x86.Build.0 = Release|Any CPU
		{296A44FD-DD77-41DF-B651-9BC87A742399}.Debug|Any CPU.ActiveCfg = Debug|Any CPU
		{296A44FD-DD77-41DF-B651-9BC87A742399}.Debug|Any CPU.Build.0 = Debug|Any CPU
		{296A44FD-DD77-41DF-B651-9BC87A742399}.Debug|x64.ActiveCfg = Debug|Any CPU
		{296A44FD-DD77-41DF-B651-9BC87A742399}.Debug|x64.Build.0 = Debug|Any CPU
		{296A44FD-DD77-41DF-B651-9BC87A742399}.Debug|x86.ActiveCfg = Debug|Any CPU
		{296A44FD-DD77-41DF-B651-9BC87A742399}.Debug|x86.Build.0 = Debug|Any CPU
		{296A44FD-DD77-41DF-B651-9BC87A742399}.Release|Any CPU.ActiveCfg = Release|Any CPU
		{296A44FD-DD77-41DF-B651-9BC87A742399}.Release|Any CPU.Build.0 = Release|Any CPU
		{296A44FD-DD77-41DF-B651-9BC87A742399}.Release|x64.ActiveCfg = Release|Any CPU
		{296A44FD-DD77-41DF-B651-9BC87A742399}.Release|x64.Build.0 = Release|Any CPU
		{296A44FD-DD77-41DF-B651-9BC87A742399}.Release|x86.ActiveCfg = Release|Any CPU
		{296A44FD-DD77-41DF-B651-9BC87A742399}.Release|x86.Build.0 = Release|Any CPU
	EndGlobalSection
	GlobalSection(SolutionProperties) = preSolution
		HideSolutionNode = FALSE
	EndGlobalSection
	GlobalSection(ExtensibilityGlobals) = postSolution
		SolutionGuid = {4B3A9A7D-32AB-4876-BD31-AD438F950D3D}
	EndGlobalSection
EndGlobal
